{
  "name": "@allternit/mail-relay",
  "version": "0.1.0",
  "lockfileVersion": 3,
  "requires": true,
  "packages": {
    "": {
      "name": "@allternit/mail-relay",
      "version": "0.1.0",
      "dependencies": {
        "nodemailer": "^6.9.16",
        "smtp-server": "^3.13.6"
      },
      "engines": {
        "node": ">=22"
      }
    },
    "node_modules/ipv6-normalize": {
      "version": "1.0.1",
      "resolved": "https://registry.npmjs.org/ipv6-normalize/-/ipv6-normalize-1.0.1.tgz",
      "integrity": "sha512-Bm6H79i01DjgGTCWjUuCjJ6QDo1HB96PT/xCYuyJUP9WFbVDrLSbG4EZCvOCun2rNswZb0c3e4Jt/ws795esHA==",
      "license": "MIT"
    },
    "node_modules/nodemailer": {
      "version": "6.10.1",
      "resolved": "https://registry.npmjs.org/nodemailer/-/nodemailer-6.10.1.tgz",
      "integrity": "sha512-Z+iLaBGVaSjbIzQ4pX6XV41HrooLsQ10ZWPUehGmuantvzWoDVBnmsdUcOIDM1t+yPor5pDhVlDESgOMEGxhHA==",
      "license": "MIT-0",
      "engines": {
        "node": ">=6.0.0"
      }
    },
    "node_modules/punycode.js": {
      "version": "2.3.1",
      "resolved": "https://registry.npmjs.org/punycode.js/-/punycode.js-2.3.1.tgz",
      "integrity": "sha512-uxFIHU0YlHYhDQtV4R9J6a52SLx28BCjT+4ieh7IGbgwVJWO+km431c4yRlREUAsAmt/uMjQUyQHNEPf0M39CA==",
      "license": "MIT",
      "engines": {
        "node": ">=6"
      }
    },
    "node_modules/smtp-server": {
      "version": "3.19.17",
      "resolved": "https://registry.npmjs.org/smtp-server/-/smtp-server-3.19.17.tgz",
      "integrity": "sha512-/9RwyNTcR8osMQWOvC8NV8l57ddPyYXvuG+wa1Ua4cD/I41z7zCMsGtXLa9vxlrggjRrfejr50X0WS/9NuVWqQ==",
      "license": "MIT-0",
      "dependencies": {
        "ipv6-normalize": "1.0.1",
        "nodemailer": "10.0.14",
        "punycode.js": "2.3.1"
      },
      "engines": {
        "node": ">=20.0.0"
      }
    },
    "node_modules/smtp-server/node_modules/nodemailer": {
      "version": "10.0.14",
      "resolved": "https://registry.npmjs.org/nodemailer/-/nodemailer-10.0.14.tgz",
      "integrity": "sha512-eJoLFKg55fesSlzUekmfOv/SBXh4KUYT8oiQc2RLP0tfG0rbNMJBK7wgHJwXTJwqyKlSJMz9UzDZ4v+aHEvo8g==",
      "license": "MIT-0",
      "engines": {
        "node": ">=20.0.0"
      }
    }
  }
}
